# generated by rye
# use `rye lock` or `rye sync` to update this lockfile
#
# last locked with the following flags:
#   pre: false
#   features: []
#   all-features: false

-e file:.
nodeenv==1.8.0
pyright==1.1.338
ruff==0.1.6
# The following packages are considered to be unsafe in a requirements file:
setuptools==69.0.2
